
Microsoft Visual Studio Solution File, Format Version 12.00
# Visual Studio Version 17
VisualStudioVersion = 17.11.35312.102
MinimumVisualStudioVersion = 10.0.40219.1
Project("{FAE04EC0-301F-11D3-BF4B-00C04F79EFBC}") = "QuanLyQuanPho", "QuanLyQuanPho\QuanLyQuanPho.csproj", "{D54F1669-EB1D-4506-85DC-4127B87520F5}"
EndProject
Global
	GlobalSection(SolutionConfigurationPlatforms) = preSolution
		Debug|Any CPU = Debug|Any CPU
		Release|Any CPU = Release|Any CPU
	EndGlobalSection
	GlobalSection(ProjectConfigurationPlatforms) = postSolution
		{D54F1669-EB1D-4506-85DC-4127B87520F5}.Debug|Any CPU.ActiveCfg = Debug|Any CPU
		{D54F1669-EB1D-4506-85DC-4127B87520F5}.Debug|Any CPU.Build.0 = Debug|Any CPU
		{D54F1669-EB1D-4506-85DC-4127B87520F5}.Release|Any CPU.ActiveCfg = Release|Any CPU
		{D54F1669-EB1D-4506-85DC-4127B87520F5}.Release|Any CPU.Build.0 = Release|Any CPU
	EndGlobalSection
	GlobalSection(SolutionProperties) = preSolution
		HideSolutionNode = FALSE
	EndGlobalSection
	GlobalSection(ExtensibilityGlobals) = postSolution
		SolutionGuid = {DD53958F-B181-4EA4-8BE5-F720117FC779}
	EndGlobalSection
EndGlobal
